// !$*UTF8*$!
{
	archiveVersion = 1;
	classes = {
	};
	objectVersion = 46;
	objects = {

/* Begin PBXBuildFile section */
		60CE7C0F2381055C1F45AA46 /* Pods_BusLocation.framework in Frameworks */ = {isa = PBXBuildFile; fileRef = 8A8752538CB1FBA28BA2A3B3 /* Pods_BusLocation.framework */; };
		AC26E8591D51B61C00989996 /* NearByTableViewCell.swift in Sources */ = {isa = PBXBuildFile; fileRef = AC26E8581D51B61C00989996 /* NearByTableViewCell.swift */; };
		AC26E85D1D51D12900989996 /* UIAlertController+Additions.swift in Sources */ = {isa = PBXBuildFile; fileRef = AC26E85A1D51D12900989996 /* UIAlertController+Additions.swift */; };
		AC26E85E1D51D12900989996 /* UIColor+Additions.swift in Sources */ = {isa = PBXBuildFile; fileRef = AC26E85B1D51D12900989996 /* UIColor+Additions.swift */; };
		AC26E85F1D51D12900989996 /* UIKit+Additions.swift in Sources */ = {isa = PBXBuildFile; fileRef = AC26E85C1D51D12900989996 /* UIKit+Additions.swift */; };
		AC26E8611D51D32E00989996 /* Utility.swift in Sources */ = {isa = PBXBuildFile; fileRef = AC26E8601D51D32E00989996 /* Utility.swift */; };
		ACA1E1A21E23ADD700AD6C71 /* StartApp.bundle in Resources */ = {isa = PBXBuildFile; fileRef = ACA1E1A01E23ADD700AD6C71 /* StartApp.bundle */; };
		ACA1E1A31E23ADD700AD6C71 /* StartApp.framework in Frameworks */ = {isa = PBXBuildFile; fileRef = ACA1E1A11E23ADD700AD6C71 /* StartApp.framework */; };
		ACA1E1A51E23AE7900AD6C71 /* AdServices.swift in Sources */ = {isa = PBXBuildFile; fileRef = ACA1E1A41E23AE7900AD6C71 /* AdServices.swift */; };
		ACA1E1A81E23B0F400AD6C71 /* AVFoundation.framework in Frameworks */ = {isa = PBXBuildFile; fileRef = ACA1E1A71E23B0F400AD6C71 /* AVFoundation.framework */; };
		ACA1E1AA1E23B10000AD6C71 /* SystemConfiguration.framework in Frameworks */ = {isa = PBXBuildFile; fileRef = ACA1E1A91E23B10000AD6C71 /* SystemConfiguration.framework */; };
		ACA1E1AC1E23B10B00AD6C71 /* CoreMedia.framework in Frameworks */ = {isa = PBXBuildFile; fileRef = ACA1E1AB1E23B10B00AD6C71 /* CoreMedia.framework */; };
		ACA1E1AE1E23B11300AD6C71 /* StoreKit.framework in Frameworks */ = {isa = PBXBuildFile; fileRef = ACA1E1AD1E23B11300AD6C71 /* StoreKit.framework */; };
		ACA1E1B01E23B11800AD6C71 /* CoreTelephony.framework in Frameworks */ = {isa = PBXBuildFile; fileRef = ACA1E1AF1E23B11800AD6C71 /* CoreTelephony.framework */; };
		ACA1E1B21E23B12600AD6C71 /* AdSupport.framework in Frameworks */ = {isa = PBXBuildFile; fileRef = ACA1E1B11E23B12600AD6C71 /* AdSupport.framework */; };
		ACA1E1B41E23B13600AD6C71 /* libz.tbd in Frameworks */ = {isa = PBXBuildFile; fileRef = ACA1E1B31E23B13600AD6C71 /* libz.tbd */; };
		ACB267A01D4F200D00DC4B6F /* DataModel.xcdatamodeld in Sources */ = {isa = PBXBuildFile; fileRef = ACB2679E1D4F200D00DC4B6F /* DataModel.xcdatamodeld */; };
		ACB267A51D4F216E00DC4B6F /* QueryObject+CoreDataProperties.swift in Sources */ = {isa = PBXBuildFile; fileRef = ACB267A31D4F216E00DC4B6F /* QueryObject+CoreDataProperties.swift */; };
		ACB267A61D4F216E00DC4B6F /* QueryObject.swift in Sources */ = {isa = PBXBuildFile; fileRef = ACB267A41D4F216E00DC4B6F /* QueryObject.swift */; };
		ACB267A81D4F21D000DC4B6F /* QueryObject+Additions.swift in Sources */ = {isa = PBXBuildFile; fileRef = ACB267A71D4F21D000DC4B6F /* QueryObject+Additions.swift */; };
		ACB267AB1D4F23E100DC4B6F /* NSDictionary+Additions.swift in Sources */ = {isa = PBXBuildFile; fileRef = ACB267AA1D4F23E100DC4B6F /* NSDictionary+Additions.swift */; };
		ACB267AD1D4F27CE00DC4B6F /* LocationStorage.swift in Sources */ = {isa = PBXBuildFile; fileRef = ACB267AC1D4F27CE00DC4B6F /* LocationStorage.swift */; };
		E998C5791D4DD7A6001F5C16 /* Main.storyboard in Resources */ = {isa = PBXBuildFile; fileRef = E998C5771D4DD7A6001F5C16 /* Main.storyboard */; };
		E998C57E1D4DD7A6001F5C16 /* LaunchScreen.storyboard in Resources */ = {isa = PBXBuildFile; fileRef = E998C57C1D4DD7A6001F5C16 /* LaunchScreen.storyboard */; };
		E998C58D1D4DD7BD001F5C16 /* AppDelegate.swift in Sources */ = {isa = PBXBuildFile; fileRef = E998C5881D4DD7BD001F5C16 /* AppDelegate.swift */; };
		E998C58F1D4DD7E2001F5C16 /* Assets.xcassets in Resources */ = {isa = PBXBuildFile; fileRef = E998C58E1D4DD7E2001F5C16 /* Assets.xcassets */; };
		E998C5911D4DD7F6001F5C16 /* RootViewController.swift in Sources */ = {isa = PBXBuildFile; fileRef = E998C5901D4DD7F6001F5C16 /* RootViewController.swift */; };
		E998C5931D4DD80E001F5C16 /* BaseViewController.swift in Sources */ = {isa = PBXBuildFile; fileRef = E998C5921D4DD80E001F5C16 /* BaseViewController.swift */; };
		E998C5951D4DD81B001F5C16 /* SplashViewController.swift in Sources */ = {isa = PBXBuildFile; fileRef = E998C5941D4DD81B001F5C16 /* SplashViewController.swift */; };
		E998C5971D4DD823001F5C16 /* MenuViewController.swift in Sources */ = {isa = PBXBuildFile; fileRef = E998C5961D4DD823001F5C16 /* MenuViewController.swift */; };
		E998C5991D4DE2FD001F5C16 /* MapViewController.swift in Sources */ = {isa = PBXBuildFile; fileRef = E998C5981D4DE2FD001F5C16 /* MapViewController.swift */; };
		E998C59B1D4DFCE0001F5C16 /* LocationServices.swift in Sources */ = {isa = PBXBuildFile; fileRef = E998C59A1D4DFCE0001F5C16 /* LocationServices.swift */; };
		E998C59F1D4E2039001F5C16 /* LocationWebService.swift in Sources */ = {isa = PBXBuildFile; fileRef = E998C59E1D4E2039001F5C16 /* LocationWebService.swift */; };
		E998C5A21D4E205D001F5C16 /* LocationWebServiceRequest.swift in Sources */ = {isa = PBXBuildFile; fileRef = E998C5A11D4E205D001F5C16 /* LocationWebServiceRequest.swift */; };
		E998C5A41D4E35A7001F5C16 /* LocationWebServiceRequestGetQuery.swift in Sources */ = {isa = PBXBuildFile; fileRef = E998C5A31D4E35A7001F5C16 /* LocationWebServiceRequestGetQuery.swift */; };
/* End PBXBuildFile section */

/* Begin PBXFileReference section */
		8A8752538CB1FBA28BA2A3B3 /* Pods_BusLocation.framework */ = {isa = PBXFileReference; explicitFileType = wrapper.framework; includeInIndex = 0; path = Pods_BusLocation.framework; sourceTree = BUILT_PRODUCTS_DIR; };
		AC26E8581D51B61C00989996 /* NearByTableViewCell.swift */ = {isa = PBXFileReference; fileEncoding = 4; lastKnownFileType = sourcecode.swift; path = NearByTableViewCell.swift; sourceTree = "<group>"; };
		AC26E85A1D51D12900989996 /* UIAlertController+Additions.swift */ = {isa = PBXFileReference; fileEncoding = 4; lastKnownFileType = sourcecode.swift; path = "UIAlertController+Additions.swift"; sourceTree = "<group>"; };
		AC26E85B1D51D12900989996 /* UIColor+Additions.swift */ = {isa = PBXFileReference; fileEncoding = 4; lastKnownFileType = sourcecode.swift; path = "UIColor+Additions.swift"; sourceTree = "<group>"; };
		AC26E85C1D51D12900989996 /* UIKit+Additions.swift */ = {isa = PBXFileReference; fileEncoding = 4; lastKnownFileType = sourcecode.swift; path = "UIKit+Additions.swift"; sourceTree = "<group>"; };
		AC26E8601D51D32E00989996 /* Utility.swift */ = {isa = PBXFileReference; fileEncoding = 4; lastKnownFileType = sourcecode.swift; path = Utility.swift; sourceTree = "<group>"; };
		ACA1E1A01E23ADD700AD6C71 /* StartApp.bundle */ = {isa = PBXFileReference; lastKnownFileType = "wrapper.plug-in"; path = StartApp.bundle; sourceTree = "<group>"; };
		ACA1E1A11E23ADD700AD6C71 /* StartApp.framework */ = {isa = PBXFileReference; lastKnownFileType = wrapper.framework; path = StartApp.framework; sourceTree = "<group>"; };
		ACA1E1A41E23AE7900AD6C71 /* AdServices.swift */ = {isa = PBXFileReference; fileEncoding = 4; lastKnownFileType = sourcecode.swift; path = AdServices.swift; sourceTree = "<group>"; };
		ACA1E1A61E23AEC300AD6C71 /* NearBy-BridgingHeader.h */ = {isa = PBXFileReference; lastKnownFileType = sourcecode.c.h; path = "NearBy-BridgingHeader.h"; sourceTree = "<group>"; };
		ACA1E1A71E23B0F400AD6C71 /* AVFoundation.framework */ = {isa = PBXFileReference; lastKnownFileType = wrapper.framework; name = AVFoundation.framework; path = System/Library/Frameworks/AVFoundation.framework; sourceTree = SDKROOT; };
		ACA1E1A91E23B10000AD6C71 /* SystemConfiguration.framework */ = {isa = PBXFileReference; lastKnownFileType = wrapper.framework; name = SystemConfiguration.framework; path = System/Library/Frameworks/SystemConfiguration.framework; sourceTree = SDKROOT; };
		ACA1E1AB1E23B10B00AD6C71 /* CoreMedia.framework */ = {isa = PBXFileReference; lastKnownFileType = wrapper.framework; name = CoreMedia.framework; path = System/Library/Frameworks/CoreMedia.framework; sourceTree = SDKROOT; };
		ACA1E1AD1E23B11300AD6C71 /* StoreKit.framework */ = {isa = PBXFileReference; lastKnownFileType = wrapper.framework; name = StoreKit.framework; path = System/Library/Frameworks/StoreKit.framework; sourceTree = SDKROOT; };
		ACA1E1AF1E23B11800AD6C71 /* CoreTelephony.framework */ = {isa = PBXFileReference; lastKnownFileType = wrapper.framework; name = CoreTelephony.framework; path = System/Library/Frameworks/CoreTelephony.framework; sourceTree = SDKROOT; };
		ACA1E1B11E23B12600AD6C71 /* AdSupport.framework */ = {isa = PBXFileReference; lastKnownFileType = wrapper.framework; name = AdSupport.framework; path = System/Library/Frameworks/AdSupport.framework; sourceTree = SDKROOT; };
		ACA1E1B31E23B13600AD6C71 /* libz.tbd */ = {isa = PBXFileReference; lastKnownFileType = "sourcecode.text-based-dylib-definition"; name = libz.tbd; path = usr/lib/libz.tbd; sourceTree = SDKROOT; };
		ACB2679F1D4F200D00DC4B6F /* DataModel.xcdatamodel */ = {isa = PBXFileReference; lastKnownFileType = wrapper.xcdatamodel; path = DataModel.xcdatamodel; sourceTree = "<group>"; };
		ACB267A31D4F216E00DC4B6F /* QueryObject+CoreDataProperties.swift */ = {isa = PBXFileReference; fileEncoding = 4; lastKnownFileType = sourcecode.swift; path = "QueryObject+CoreDataProperties.swift"; sourceTree = "<group>"; };
		ACB267A41D4F216E00DC4B6F /* QueryObject.swift */ = {isa = PBXFileReference; fileEncoding = 4; lastKnownFileType = sourcecode.swift; path = QueryObject.swift; sourceTree = "<group>"; };
		ACB267A71D4F21D000DC4B6F /* QueryObject+Additions.swift */ = {isa = PBXFileReference; fileEncoding = 4; lastKnownFileType = sourcecode.swift; path = "QueryObject+Additions.swift"; sourceTree = "<group>"; };
		ACB267AA1D4F23E100DC4B6F /* NSDictionary+Additions.swift */ = {isa = PBXFileReference; fileEncoding = 4; lastKnownFileType = sourcecode.swift; path = "NSDictionary+Additions.swift"; sourceTree = "<group>"; };
		ACB267AC1D4F27CE00DC4B6F /* LocationStorage.swift */ = {isa = PBXFileReference; fileEncoding = 4; lastKnownFileType = sourcecode.swift; path = LocationStorage.swift; sourceTree = "<group>"; };
		BC20C0FA7265D989AD5C663E /* Pods-BusLocation.debug.xcconfig */ = {isa = PBXFileReference; includeInIndex = 1; lastKnownFileType = text.xcconfig; name = "Pods-BusLocation.debug.xcconfig"; path = "Pods/Target Support Files/Pods-BusLocation/Pods-BusLocation.debug.xcconfig"; sourceTree = "<group>"; };
		E998C5701D4DD7A6001F5C16 /* BusLocation.app */ = {isa = PBXFileReference; explicitFileType = wrapper.application; includeInIndex = 0; path = BusLocation.app; sourceTree = BUILT_PRODUCTS_DIR; };
		E998C5781D4DD7A6001F5C16 /* Base */ = {isa = PBXFileReference; lastKnownFileType = file.storyboard; name = Base; path = Base.lproj/Main.storyboard; sourceTree = "<group>"; };
		E998C57D1D4DD7A6001F5C16 /* Base */ = {isa = PBXFileReference; lastKnownFileType = file.storyboard; name = Base; path = Base.lproj/LaunchScreen.storyboard; sourceTree = "<group>"; };
		E998C57F1D4DD7A6001F5C16 /* Info.plist */ = {isa = PBXFileReference; lastKnownFileType = text.plist.xml; path = Info.plist; sourceTree = "<group>"; };
		E998C5881D4DD7BD001F5C16 /* AppDelegate.swift */ = {isa = PBXFileReference; fileEncoding = 4; lastKnownFileType = sourcecode.swift; path = AppDelegate.swift; sourceTree = "<group>"; };
		E998C58E1D4DD7E2001F5C16 /* Assets.xcassets */ = {isa = PBXFileReference; lastKnownFileType = folder.assetcatalog; path = Assets.xcassets; sourceTree = "<group>"; };
		E998C5901D4DD7F6001F5C16 /* RootViewController.swift */ = {isa = PBXFileReference; fileEncoding = 4; lastKnownFileType = sourcecode.swift; path = RootViewController.swift; sourceTree = "<group>"; };
		E998C5921D4DD80E001F5C16 /* BaseViewController.swift */ = {isa = PBXFileReference; fileEncoding = 4; lastKnownFileType = sourcecode.swift; path = BaseViewController.swift; sourceTree = "<group>"; };
		E998C5941D4DD81B001F5C16 /* SplashViewController.swift */ = {isa = PBXFileReference; fileEncoding = 4; lastKnownFileType = sourcecode.swift; path = SplashViewController.swift; sourceTree = "<group>"; };
		E998C5961D4DD823001F5C16 /* MenuViewController.swift */ = {isa = PBXFileReference; fileEncoding = 4; lastKnownFileType = sourcecode.swift; path = MenuViewController.swift; sourceTree = "<group>"; };
		E998C5981D4DE2FD001F5C16 /* MapViewController.swift */ = {isa = PBXFileReference; fileEncoding = 4; lastKnownFileType = sourcecode.swift; path = MapViewController.swift; sourceTree = "<group>"; };
		E998C59A1D4DFCE0001F5C16 /* LocationServices.swift */ = {isa = PBXFileReference; fileEncoding = 4; lastKnownFileType = sourcecode.swift; path = LocationServices.swift; sourceTree = "<group>"; };
		E998C59E1D4E2039001F5C16 /* LocationWebService.swift */ = {isa = PBXFileReference; fileEncoding = 4; lastKnownFileType = sourcecode.swift; path = LocationWebService.swift; sourceTree = "<group>"; };
		E998C5A11D4E205D001F5C16 /* LocationWebServiceRequest.swift */ = {isa = PBXFileReference; fileEncoding = 4; lastKnownFileType = sourcecode.swift; path = LocationWebServiceRequest.swift; sourceTree = "<group>"; };
		E998C5A31D4E35A7001F5C16 /* LocationWebServiceRequestGetQuery.swift */ = {isa = PBXFileReference; fileEncoding = 4; lastKnownFileType = sourcecode.swift; path = LocationWebServiceRequestGetQuery.swift; sourceTree = "<group>"; };
		FCFA60DADEAF21E02DBABCA0 /* Pods-BusLocation.release.xcconfig */ = {isa = PBXFileReference; includeInIndex = 1; lastKnownFileType = text.xcconfig; name = "Pods-BusLocation.release.xcconfig"; path = "Pods/Target Support Files/Pods-BusLocation/Pods-BusLocation.release.xcconfig"; sourceTree = "<group>"; };
/* End PBXFileReference section */

/* Begin PBXFrameworksBuildPhase section */
		E998C56D1D4DD7A6001F5C16 /* Frameworks */ = {
			isa = PBXFrameworksBuildPhase;
			buildActionMask = 2147483647;
			files = (
				ACA1E1B41E23B13600AD6C71 /* libz.tbd in Frameworks */,
				ACA1E1B21E23B12600AD6C71 /* AdSupport.framework in Frameworks */,
				ACA1E1B01E23B11800AD6C71 /* CoreTelephony.framework in Frameworks */,
				ACA1E1AE1E23B11300AD6C71 /* StoreKit.framework in Frameworks */,
				ACA1E1AC1E23B10B00AD6C71 /* CoreMedia.framework in Frameworks */,
				ACA1E1AA1E23B10000AD6C71 /* SystemConfiguration.framework in Frameworks */,
				ACA1E1A81E23B0F400AD6C71 /* AVFoundation.framework in Frameworks */,
				60CE7C0F2381055C1F45AA46 /* Pods_BusLocation.framework in Frameworks */,
				ACA1E1A31E23ADD700AD6C71 /* StartApp.framework in Frameworks */,
			);
			runOnlyForDeploymentPostprocessing = 0;
		};
/* End PBXFrameworksBuildPhase section */

/* Begin PBXGroup section */
		204360B941162CD6304ADED7 /* Frameworks */ = {
			isa = PBXGroup;
			children = (
				ACA1E1B31E23B13600AD6C71 /* libz.tbd */,
				ACA1E1B11E23B12600AD6C71 /* AdSupport.framework */,
				ACA1E1AF1E23B11800AD6C71 /* CoreTelephony.framework */,
				ACA1E1AD1E23B11300AD6C71 /* StoreKit.framework */,
				ACA1E1AB1E23B10B00AD6C71 /* CoreMedia.framework */,
				ACA1E1A91E23B10000AD6C71 /* SystemConfiguration.framework */,
				ACA1E1A71E23B0F400AD6C71 /* AVFoundation.framework */,
				8A8752538CB1FBA28BA2A3B3 /* Pods_BusLocation.framework */,
			);
			name = Frameworks;
			sourceTree = "<group>";
		};
		ACA1E19F1E23ADD700AD6C71 /* StartApp */ = {
			isa = PBXGroup;
			children = (
				ACA1E1A01E23ADD700AD6C71 /* StartApp.bundle */,
				ACA1E1A11E23ADD700AD6C71 /* StartApp.framework */,
			);
			path = StartApp;
			sourceTree = "<group>";
		};
		ACB267A11D4F216100DC4B6F /* ModelAdditions */ = {
			isa = PBXGroup;
			children = (
				ACB267A71D4F21D000DC4B6F /* QueryObject+Additions.swift */,
			);
			path = ModelAdditions;
			sourceTree = "<group>";
		};
		ACB267A21D4F216100DC4B6F /* Models */ = {
			isa = PBXGroup;
			children = (
				ACB267A31D4F216E00DC4B6F /* QueryObject+CoreDataProperties.swift */,
				ACB267A41D4F216E00DC4B6F /* QueryObject.swift */,
			);
			path = Models;
			sourceTree = "<group>";
		};
		ACB267A91D4F23C300DC4B6F /* CocoaAdditions */ = {
			isa = PBXGroup;
			children = (
				ACB267AA1D4F23E100DC4B6F /* NSDictionary+Additions.swift */,
				AC26E85A1D51D12900989996 /* UIAlertController+Additions.swift */,
				AC26E85B1D51D12900989996 /* UIColor+Additions.swift */,
				AC26E85C1D51D12900989996 /* UIKit+Additions.swift */,
			);
			path = CocoaAdditions;
			sourceTree = "<group>";
		};
		E94A9E03DB419F9B87EF36E3 /* Pods */ = {
			isa = PBXGroup;
			children = (
				BC20C0FA7265D989AD5C663E /* Pods-BusLocation.debug.xcconfig */,
				FCFA60DADEAF21E02DBABCA0 /* Pods-BusLocation.release.xcconfig */,
			);
			name = Pods;
			sourceTree = "<group>";
		};
		E998C5671D4DD7A6001F5C16 = {
			isa = PBXGroup;
			children = (
				E998C5721D4DD7A6001F5C16 /* BusLocation */,
				E998C5711D4DD7A6001F5C16 /* Products */,
				E94A9E03DB419F9B87EF36E3 /* Pods */,
				204360B941162CD6304ADED7 /* Frameworks */,
			);
			sourceTree = "<group>";
		};
		E998C5711D4DD7A6001F5C16 /* Products */ = {
			isa = PBXGroup;
			children = (
				E998C5701D4DD7A6001F5C16 /* BusLocation.app */,
			);
			name = Products;
			sourceTree = "<group>";
		};
		E998C5721D4DD7A6001F5C16 /* BusLocation */ = {
			isa = PBXGroup;
			children = (
				E998C58C1D4DD7BD001F5C16 /* Resources */,
				E998C5851D4DD7BD001F5C16 /* Classes */,
				E998C57F1D4DD7A6001F5C16 /* Info.plist */,
			);
			path = BusLocation;
			sourceTree = "<group>";
		};
		E998C5851D4DD7BD001F5C16 /* Classes */ = {
			isa = PBXGroup;
			children = (
				ACB267A91D4F23C300DC4B6F /* CocoaAdditions */,
				E998C5861D4DD7BD001F5C16 /* Controllers */,
				E998C5871D4DD7BD001F5C16 /* Main */,
				E998C5891D4DD7BD001F5C16 /* Utilities */,
				E998C58A1D4DD7BD001F5C16 /* Views */,
				E998C58B1D4DD7BD001F5C16 /* Web */,
			);
			path = Classes;
			sourceTree = "<group>";
		};
		E998C5861D4DD7BD001F5C16 /* Controllers */ = {
			isa = PBXGroup;
			children = (
				E998C5941D4DD81B001F5C16 /* SplashViewController.swift */,
				E998C5961D4DD823001F5C16 /* MenuViewController.swift */,
				E998C5981D4DE2FD001F5C16 /* MapViewController.swift */,
			);
			path = Controllers;
			sourceTree = "<group>";
		};
		E998C5871D4DD7BD001F5C16 /* Main */ = {
			isa = PBXGroup;
			children = (
				E998C5881D4DD7BD001F5C16 /* AppDelegate.swift */,
				E998C5901D4DD7F6001F5C16 /* RootViewController.swift */,
				E998C5921D4DD80E001F5C16 /* BaseViewController.swift */,
			);
			path = Main;
			sourceTree = "<group>";
		};
		E998C5891D4DD7BD001F5C16 /* Utilities */ = {
			isa = PBXGroup;
			children = (
				E998C59A1D4DFCE0001F5C16 /* LocationServices.swift */,
				ACA1E1A41E23AE7900AD6C71 /* AdServices.swift */,
				AC26E8601D51D32E00989996 /* Utility.swift */,
				ACA1E1A61E23AEC300AD6C71 /* NearBy-BridgingHeader.h */,
				ACA1E19F1E23ADD700AD6C71 /* StartApp */,
			);
			path = Utilities;
			sourceTree = "<group>";
		};
		E998C58A1D4DD7BD001F5C16 /* Views */ = {
			isa = PBXGroup;
			children = (
				AC26E8581D51B61C00989996 /* NearByTableViewCell.swift */,
			);
			path = Views;
			sourceTree = "<group>";
		};
		E998C58B1D4DD7BD001F5C16 /* Web */ = {
			isa = PBXGroup;
			children = (
				ACB267A11D4F216100DC4B6F /* ModelAdditions */,
				ACB267A21D4F216100DC4B6F /* Models */,
				E998C5A01D4E2050001F5C16 /* Requests */,
				E998C59E1D4E2039001F5C16 /* LocationWebService.swift */,
				ACB267AC1D4F27CE00DC4B6F /* LocationStorage.swift */,
			);
			path = Web;
			sourceTree = "<group>";
		};
		E998C58C1D4DD7BD001F5C16 /* Resources */ = {
			isa = PBXGroup;
			children = (
				E998C58E1D4DD7E2001F5C16 /* Assets.xcassets */,
				E998C5771D4DD7A6001F5C16 /* Main.storyboard */,
				E998C57C1D4DD7A6001F5C16 /* LaunchScreen.storyboard */,
				ACB2679E1D4F200D00DC4B6F /* DataModel.xcdatamodeld */,
			);
			path = Resources;
			sourceTree = "<group>";
		};
		E998C5A01D4E2050001F5C16 /* Requests */ = {
			isa = PBXGroup;
			children = (
				E998C5A11D4E205D001F5C16 /* LocationWebServiceRequest.swift */,
				E998C5A31D4E35A7001F5C16 /* LocationWebServiceRequestGetQuery.swift */,
			);
			path = Requests;
			sourceTree = "<group>";
		};
/* End PBXGroup section */

/* Begin PBXNativeTarget section */
		E998C56F1D4DD7A6001F5C16 /* BusLocation */ = {
			isa = PBXNativeTarget;
			buildConfigurationList = E998C5821D4DD7A6001F5C16 /* Build configuration list for PBXNativeTarget "BusLocation" */;
			buildPhases = (
				661161B0235EA1F4E3BE34FC /* [CP] Check Pods Manifest.lock */,
				E998C56C1D4DD7A6001F5C16 /* Sources */,
				E998C56D1D4DD7A6001F5C16 /* Frameworks */,
				E998C56E1D4DD7A6001F5C16 /* Resources */,
				17E68215C0D2EAF07E6F23BF /* [CP] Embed Pods Frameworks */,
				0477F8C6369A7401278C04DE /* [CP] Copy Pods Resources */,
			);
			buildRules = (
			);
			dependencies = (
			);
			name = BusLocation;
			productName = BusLocation;
			productReference = E998C5701D4DD7A6001F5C16 /* BusLocation.app */;
			productType = "com.apple.product-type.application";
		};
/* End PBXNativeTarget section */

/* Begin PBXProject section */
		E998C5681D4DD7A6001F5C16 /* Project object */ = {
			isa = PBXProject;
			attributes = {
				LastSwiftUpdateCheck = 0730;
				LastUpgradeCheck = 0820;
				ORGANIZATIONNAME = "Amaresh K V";
				TargetAttributes = {
					E998C56F1D4DD7A6001F5C16 = {
						CreatedOnToolsVersion = 7.3;
						DevelopmentTeam = 29U6U97JZP;
						LastSwiftMigration = 0820;
						ProvisioningStyle = Manual;
					};
				};
			};
			buildConfigurationList = E998C56B1D4DD7A6001F5C16 /* Build configuration list for PBXProject "BusLocation" */;
			compatibilityVersion = "Xcode 3.2";
			developmentRegion = English;
			hasScannedForEncodings = 0;
			knownRegions = (
				en,
				Base,
			);
			mainGroup = E998C5671D4DD7A6001F5C16;
			productRefGroup = E998C5711D4DD7A6001F5C16 /* Products */;
			projectDirPath = "";
			projectRoot = "";
			targets = (
				E998C56F1D4DD7A6001F5C16 /* BusLocation */,
			);
		};
/* End PBXProject section */

/* Begin PBXResourcesBuildPhase section */
		E998C56E1D4DD7A6001F5C16 /* Resources */ = {
			isa = PBXResourcesBuildPhase;
			buildActionMask = 2147483647;
			files = (
				E998C57E1D4DD7A6001F5C16 /* LaunchScreen.storyboard in Resources */,
				E998C58F1D4DD7E2001F5C16 /* Assets.xcassets in Resources */,
				ACA1E1A21E23ADD700AD6C71 /* StartApp.bundle in Resources */,
				E998C5791D4DD7A6001F5C16 /* Main.storyboard in Resources */,
			);
			runOnlyForDeploymentPostprocessing = 0;
		};
/* End PBXResourcesBuildPhase section */

/* Begin PBXShellScriptBuildPhase section */
		0477F8C6369A7401278C04DE /* [CP] Copy Pods Resources */ = {
			isa = PBXShellScriptBuildPhase;
			buildActionMask = 2147483647;
			files = (
			);
			inputPaths = (
			);
			name = "[CP] Copy Pods Resources";
			outputPaths = (
			);
			runOnlyForDeploymentPostprocessing = 0;
			shellPath = /bin/sh;
			shellScript = "\"${SRCROOT}/Pods/Target Support Files/Pods-BusLocation/Pods-BusLocation-resources.sh\"\n";
			showEnvVarsInLog = 0;
		};
		17E68215C0D2EAF07E6F23BF /* [CP] Embed Pods Frameworks */ = {
			isa = PBXShellScriptBuildPhase;
			buildActionMask = 2147483647;
			files = (
			);
			inputPaths = (
			);
			name = "[CP] Embed Pods Frameworks";
			outputPaths = (
			);
			runOnlyForDeploymentPostprocessing = 0;
			shellPath = /bin/sh;
			shellScript = "\"${SRCROOT}/Pods/Target Support Files/Pods-BusLocation/Pods-BusLocation-frameworks.sh\"\n";
			showEnvVarsInLog = 0;
		};
		661161B0235EA1F4E3BE34FC /* [CP] Check Pods Manifest.lock */ = {
			isa = PBXShellScriptBuildPhase;
			buildActionMask = 2147483647;
			files = (
			);
			inputPaths = (
			);
			name = "[CP] Check Pods Manifest.lock";
			outputPaths = (
			);
			runOnlyForDeploymentPostprocessing = 0;
			shellPath = /bin/sh;
			shellScript = "diff \"${PODS_ROOT}/../Podfile.lock\" \"${PODS_ROOT}/Manifest.lock\" > /dev/null\nif [ $? != 0 ] ; then\n    # print error to STDERR\n    echo \"error: The sandbox is not in sync with the Podfile.lock. Run 'pod install' or update your CocoaPods installation.\" >&2\n    exit 1\nfi\n";
			showEnvVarsInLog = 0;
		};
/* End PBXShellScriptBuildPhase section */

/* Begin PBXSourcesBuildPhase section */
		E998C56C1D4DD7A6001F5C16 /* Sources */ = {
			isa = PBXSourcesBuildPhase;
			buildActionMask = 2147483647;
			files = (
				ACB267A01D4F200D00DC4B6F /* DataModel.xcdatamodeld in Sources */,
				ACB267A81D4F21D000DC4B6F /* QueryObject+Additions.swift in Sources */,
				E998C5911D4DD7F6001F5C16 /* RootViewController.swift in Sources */,
				E998C5991D4DE2FD001F5C16 /* MapViewController.swift in Sources */,
				ACA1E1A51E23AE7900AD6C71 /* AdServices.swift in Sources */,
				ACB267A51D4F216E00DC4B6F /* QueryObject+CoreDataProperties.swift in Sources */,
				AC26E85E1D51D12900989996 /* UIColor+Additions.swift in Sources */,
				ACB267AB1D4F23E100DC4B6F /* NSDictionary+Additions.swift in Sources */,
				E998C5A21D4E205D001F5C16 /* LocationWebServiceRequest.swift in Sources */,
				AC26E85F1D51D12900989996 /* UIKit+Additions.swift in Sources */,
				E998C59B1D4DFCE0001F5C16 /* LocationServices.swift in Sources */,
				E998C5971D4DD823001F5C16 /* MenuViewController.swift in Sources */,
				E998C58D1D4DD7BD001F5C16 /* AppDelegate.swift in Sources */,
				AC26E85D1D51D12900989996 /* UIAlertController+Additions.swift in Sources */,
				AC26E8591D51B61C00989996 /* NearByTableViewCell.swift in Sources */,
				AC26E8611D51D32E00989996 /* Utility.swift in Sources */,
				ACB267A61D4F216E00DC4B6F /* QueryObject.swift in Sources */,
				E998C5A41D4E35A7001F5C16 /* LocationWebServiceRequestGetQuery.swift in Sources */,
				E998C5931D4DD80E001F5C16 /* BaseViewController.swift in Sources */,
				E998C5951D4DD81B001F5C16 /* SplashViewController.swift in Sources */,
				ACB267AD1D4F27CE00DC4B6F /* LocationStorage.swift in Sources */,
				E998C59F1D4E2039001F5C16 /* LocationWebService.swift in Sources */,
			);
			runOnlyForDeploymentPostprocessing = 0;
		};
/* End PBXSourcesBuildPhase section */

/* Begin PBXVariantGroup section */
		E998C5771D4DD7A6001F5C16 /* Main.storyboard */ = {
			isa = PBXVariantGroup;
			children = (
				E998C5781D4DD7A6001F5C16 /* Base */,
			);
			name = Main.storyboard;
			path = ..;
			sourceTree = "<group>";
		};
		E998C57C1D4DD7A6001F5C16 /* LaunchScreen.storyboard */ = {
			isa = PBXVariantGroup;
			children = (
				E998C57D1D4DD7A6001F5C16 /* Base */,
			);
			name = LaunchScreen.storyboard;
			path = ..;
			sourceTree = "<group>";
		};
/* End PBXVariantGroup section */

/* Begin XCBuildConfiguration section */
		E998C5801D4DD7A6001F5C16 /* Debug */ = {
			isa = XCBuildConfiguration;
			buildSettings = {
				ALWAYS_SEARCH_USER_PATHS = NO;
				CLANG_ANALYZER_NONNULL = YES;
				CLANG_CXX_LANGUAGE_STANDARD = "gnu++0x";
				CLANG_CXX_LIBRARY = "libc++";
				CLANG_ENABLE_MODULES = YES;
				CLANG_ENABLE_OBJC_ARC = YES;
				CLANG_WARN_BOOL_CONVERSION = YES;
				CLANG_WARN_CONSTANT_CONVERSION = YES;
				CLANG_WARN_DIRECT_OBJC_ISA_USAGE = YES_ERROR;
				CLANG_WARN_EMPTY_BODY = YES;
				CLANG_WARN_ENUM_CONVERSION = YES;
				CLANG_WARN_INFINITE_RECURSION = YES;
				CLANG_WARN_INT_CONVERSION = YES;
				CLANG_WARN_OBJC_ROOT_CLASS = YES_ERROR;
				CLANG_WARN_SUSPICIOUS_MOVE = YES;
				CLANG_WARN_UNREACHABLE_CODE = YES;
				CLANG_WARN__DUPLICATE_METHOD_MATCH = YES;
				"CODE_SIGN_IDENTITY[sdk=iphoneos*]" = "iPhone Developer";
				COPY_PHASE_STRIP = NO;
				DEBUG_INFORMATION_FORMAT = dwarf;
				ENABLE_STRICT_OBJC_MSGSEND = YES;
				ENABLE_TESTABILITY = YES;
				GCC_C_LANGUAGE_STANDARD = gnu99;
				GCC_DYNAMIC_NO_PIC = NO;
				GCC_NO_COMMON_BLOCKS = YES;
				GCC_OPTIMIZATION_LEVEL = 0;
				GCC_PREPROCESSOR_DEFINITIONS = (
					"DEBUG=1",
					"$(inherited)",
				);
				GCC_WARN_64_TO_32_BIT_CONVERSION = YES;
				GCC_WARN_ABOUT_RETURN_TYPE = YES_ERROR;
				GCC_WARN_UNDECLARED_SELECTOR = YES;
				GCC_WARN_UNINITIALIZED_AUTOS = YES_AGGRESSIVE;
				GCC_WARN_UNUSED_FUNCTION = YES;
				GCC_WARN_UNUSED_VARIABLE = YES;
				IPHONEOS_DEPLOYMENT_TARGET = 9.3;
				MTL_ENABLE_DEBUG_INFO = YES;
				ONLY_ACTIVE_ARCH = YES;
				SDKROOT = iphoneos;
				SWIFT_OPTIMIZATION_LEVEL = "-Onone";
			};
			name = Debug;
		};
		E998C5811D4DD7A6001F5C16 /* Release */ = {
			isa = XCBuildConfiguration;
			buildSettings = {
				ALWAYS_SEARCH_USER_PATHS = NO;
				CLANG_ANALYZER_NONNULL = YES;
				CLANG_CXX_LANGUAGE_STANDARD = "gnu++0x";
				CLANG_CXX_LIBRARY = "libc++";
				CLANG_ENABLE_MODULES = YES;
				CLANG_ENABLE_OBJC_ARC = YES;
				CLANG_WARN_BOOL_CONVERSION = YES;
				CLANG_WARN_CONSTANT_CONVERSION = YES;
				CLANG_WARN_DIRECT_OBJC_ISA_USAGE = YES_ERROR;
				CLANG_WARN_EMPTY_BODY = YES;
				CLANG_WARN_ENUM_CONVERSION = YES;
				CLANG_WARN_INFINITE_RECURSION = YES;
				CLANG_WARN_INT_CONVERSION = YES;
				CLANG_WARN_OBJC_ROOT_CLASS = YES_ERROR;
				CLANG_WARN_SUSPICIOUS_MOVE = YES;
				CLANG_WARN_UNREACHABLE_CODE = YES;
				CLANG_WARN__DUPLICATE_METHOD_MATCH = YES;
				"CODE_SIGN_IDENTITY[sdk=iphoneos*]" = "iPhone Developer";
				COPY_PHASE_STRIP = NO;
				DEBUG_INFORMATION_FORMAT = "dwarf-with-dsym";
				ENABLE_NS_ASSERTIONS = NO;
				ENABLE_STRICT_OBJC_MSGSEND = YES;
				GCC_C_LANGUAGE_STANDARD = gnu99;
				GCC_NO_COMMON_BLOCKS = YES;
				GCC_WARN_64_TO_32_BIT_CONVERSION = YES;
				GCC_WARN_ABOUT_RETURN_TYPE = YES_ERROR;
				GCC_WARN_UNDECLARED_SELECTOR = YES;
				GCC_WARN_UNINITIALIZED_AUTOS = YES_AGGRESSIVE;
				GCC_WARN_UNUSED_FUNCTION = YES;
				GCC_WARN_UNUSED_VARIABLE = YES;
				IPHONEOS_DEPLOYMENT_TARGET = 9.3;
				MTL_ENABLE_DEBUG_INFO = NO;
				SDKROOT = iphoneos;
				SWIFT_OPTIMIZATION_LEVEL = "-Owholemodule";
				VALIDATE_PRODUCT = YES;
			};
			name = Release;
		};
		E998C5831D4DD7A6001F5C16 /* Debug */ = {
			isa = XCBuildConfiguration;
			baseConfigurationReference = BC20C0FA7265D989AD5C663E /* Pods-BusLocation.debug.xcconfig */;
			buildSettings = {
				ASSETCATALOG_COMPILER_APPICON_NAME = AppIcon;
				ASSETCATALOG_COMPILER_LAUNCHIMAGE_NAME = LaunchImage;
				CODE_SIGN_IDENTITY = "iPhone Developer";
				"CODE_SIGN_IDENTITY[sdk=iphoneos*]" = "iPhone Developer";
				DEVELOPMENT_TEAM = 29U6U97JZP;
				FRAMEWORK_SEARCH_PATHS = (
					"$(inherited)",
					"$(PROJECT_DIR)/BusLocation/Classes/Utilities/StartApp",
				);
				INFOPLIST_FILE = BusLocation/Info.plist;
				IPHONEOS_DEPLOYMENT_TARGET = 8.0;
				LD_RUNPATH_SEARCH_PATHS = "$(inherited) @executable_path/Frameworks";
				PRODUCT_BUNDLE_IDENTIFIER = com.amaresh.nearby;
				PRODUCT_NAME = "$(TARGET_NAME)";
				PROVISIONING_PROFILE = "b547f712-58d5-4be3-9b93-74bb922eea5a";
				PROVISIONING_PROFILE_SPECIFIER = "Amaresh Development";
				SWIFT_OBJC_BRIDGING_HEADER = "$(SRCROOT)/BusLocation/Classes/Utilities/NearBy-BridgingHeader.h";
				SWIFT_VERSION = 3.0;
			};
			name = Debug;
		};
		E998C5841D4DD7A6001F5C16 /* Release */ = {
			isa = XCBuildConfiguration;
			baseConfigurationReference = FCFA60DADEAF21E02DBABCA0 /* Pods-BusLocation.release.xcconfig */;
			buildSettings = {
				ASSETCATALOG_COMPILER_APPICON_NAME = AppIcon;
				ASSETCATALOG_COMPILER_LAUNCHIMAGE_NAME = LaunchImage;
				CODE_SIGN_IDENTITY = "iPhone Developer";
				"CODE_SIGN_IDENTITY[sdk=iphoneos*]" = "iPhone Developer";
				DEVELOPMENT_TEAM = 29U6U97JZP;
				FRAMEWORK_SEARCH_PATHS = (
					"$(inherited)",
					"$(PROJECT_DIR)/BusLocation/Classes/Utilities/StartApp",
				);
				INFOPLIST_FILE = BusLocation/Info.plist;
				IPHONEOS_DEPLOYMENT_TARGET = 8.0;
				LD_RUNPATH_SEARCH_PATHS = "$(inherited) @executable_path/Frameworks";
				PRODUCT_BUNDLE_IDENTIFIER = com.amaresh.nearby;
				PRODUCT_NAME = "$(TARGET_NAME)";
				PROVISIONING_PROFILE = "b547f712-58d5-4be3-9b93-74bb922eea5a";
				PROVISIONING_PROFILE_SPECIFIER = "Amaresh Development";
				SWIFT_OBJC_BRIDGING_HEADER = "$(SRCROOT)/BusLocation/Classes/Utilities/NearBy-BridgingHeader.h";
				SWIFT_VERSION = 3.0;
			};
			name = Release;
		};
/* End XCBuildConfiguration section */

/* Begin XCConfigurationList section */
		E998C56B1D4DD7A6001F5C16 /* Build configuration list for PBXProject "BusLocation" */ = {
			isa = XCConfigurationList;
			buildConfigurations = (
				E998C5801D4DD7A6001F5C16 /* Debug */,
				E998C5811D4DD7A6001F5C16 /* Release */,
			);
			defaultConfigurationIsVisible = 0;
			defaultConfigurationName = Release;
		};
		E998C5821D4DD7A6001F5C16 /* Build configuration list for PBXNativeTarget "BusLocation" */ = {
			isa = XCConfigurationList;
			buildConfigurations = (
				E998C5831D4DD7A6001F5C16 /* Debug */,
				E998C5841D4DD7A6001F5C16 /* Release */,
			);
			defaultConfigurationIsVisible = 0;
			defaultConfigurationName = Release;
		};
/* End XCConfigurationList section */

/* Begin XCVersionGroup section */
		ACB2679E1D4F200D00DC4B6F /* DataModel.xcdatamodeld */ = {
			isa = XCVersionGroup;
			children = (
				ACB2679F1D4F200D00DC4B6F /* DataModel.xcdatamodel */,
			);
			currentVersion = ACB2679F1D4F200D00DC4B6F /* DataModel.xcdatamodel */;
			path = DataModel.xcdatamodeld;
			sourceTree = "<group>";
			versionGroupType = wrapper.xcdatamodel;
		};
/* End XCVersionGroup section */
	};
	rootObject = E998C5681D4DD7A6001F5C16 /* Project object */;
}
